
Microsoft Visual Studio Solution File, Format Version 12.00
# Visual Studio 15
VisualStudioVersion = 15.0.27130.2024
MinimumVisualStudioVersion = 10.0.40219.1
Project("{FAE04EC0-301F-11D3-BF4B-00C04F79EFBC}") = "MDRDesk", "MDRDesk\MDRDesk.csproj", "{4BB5B249-E4F1-490F-8F40-214BCC05CE64}"
EndProject
Project("{FAE04EC0-301F-11D3-BF4B-00C04F79EFBC}") = "ClrMDRIndex", "ClrMDRIndex\ClrMDRIndex.csproj", "{99D75B6D-9BA0-48FF-9C2E-9EC8F0415901}"
EndProject
Project("{FAE04EC0-301F-11D3-BF4B-00C04F79EFBC}") = "UnitTestMdr", "UnitTestMdr\UnitTestMdr.csproj", "{CD2481FA-FE21-4604-BB32-422A7F378FA4}"
EndProject
Project("{FAE04EC0-301F-11D3-BF4B-00C04F79EFBC}") = "ClrMDRUtil", "ClrMDRUtil\ClrMDRUtil.csproj", "{7B01CCC0-8C10-4AA1-8154-4B55160E322B}"
EndProject
Project("{FAE04EC0-301F-11D3-BF4B-00C04F79EFBC}") = "TestApp", "TestApp\TestApp.csproj", "{030465FE-0687-4DE5-800C-55FAC9A8BFD2}"
	ProjectSection(ProjectDependencies) = postProject
		{99D75B6D-9BA0-48FF-9C2E-9EC8F0415901} = {99D75B6D-9BA0-48FF-9C2E-9EC8F0415901}
		{7B01CCC0-8C10-4AA1-8154-4B55160E322B} = {7B01CCC0-8C10-4AA1-8154-4B55160E322B}
	EndProjectSection
EndProject
Project("{2150E333-8FDC-42A3-9474-1A3956D46DE8}") = "Solution Items", "Solution Items", "{D6F8CC5E-8A6D-4D52-A079-86E90F057621}"
	ProjectSection(SolutionItems) = preProject
		CurrentRelease.txt = CurrentRelease.txt
		README.md = README.md
	EndProjectSection
EndProject
Project("{2150E333-8FDC-42A3-9474-1A3956D46DE8}") = "Documentation", "Documentation", "{A32781E3-ED13-4692-8186-B140B2C6E4D9}"
	ProjectSection(SolutionItems) = preProject
		Documentation\Configuration.md = Documentation\Configuration.md
		Documentation\Credits.md = Documentation\Credits.md
		Documentation\DumpLocalProcess.md = Documentation\DumpLocalProcess.md
		Documentation\GettingStarted.md = Documentation\GettingStarted.md
		Documentation\MainMenu.md = Documentation\MainMenu.md
		Documentation\NotWrittenYet.md = Documentation\NotWrittenYet.md
		Documentation\RootsDisplay.md = Documentation\RootsDisplay.md
		Documentation\ThreadsBlocksGraph.md = Documentation\ThreadsBlocksGraph.md
		Documentation\ValueWindows.md = Documentation\ValueWindows.md
		Documentation\WriteToHistory32x.png = Documentation\WriteToHistory32x.png
	EndProjectSection
EndProject
Project("{FAE04EC0-301F-11D3-BF4B-00C04F79EFBC}") = "MDRDeskInstaller", "MDRDeskInstaller\MDRDeskInstaller.csproj", "{70BC3875-D1D3-415F-B222-EFF07B38A519}"
EndProject
Global
	GlobalSection(SolutionConfigurationPlatforms) = preSolution
		Debug|Any CPU = Debug|Any CPU
		Debug|x64 = Debug|x64
		Debug|x86 = Debug|x86
		Release|Any CPU = Release|Any CPU
		Release|x64 = Release|x64
		Release|x86 = Release|x86
	EndGlobalSection
	GlobalSection(ProjectConfigurationPlatforms) = postSolution
		{4BB5B249-E4F1-490F-8F40-214BCC05CE64}.Debug|Any CPU.ActiveCfg = Debug|Any CPU
		{4BB5B249-E4F1-490F-8F40-214BCC05CE64}.Debug|Any CPU.Build.0 = Debug|Any CPU
		{4BB5B249-E4F1-490F-8F40-214BCC05CE64}.Debug|x64.ActiveCfg = Debug|x64
		{4BB5B249-E4F1-490F-8F40-214BCC05CE64}.Debug|x64.Build.0 = Debug|x64
		{4BB5B249-E4F1-490F-8F40-214BCC05CE64}.Debug|x86.ActiveCfg = Debug|x86
		{4BB5B249-E4F1-490F-8F40-214BCC05CE64}.Debug|x86.Build.0 = Debug|x86
		{4BB5B249-E4F1-490F-8F40-214BCC05CE64}.Release|Any CPU.ActiveCfg = Release|Any CPU
		{4BB5B249-E4F1-490F-8F40-214BCC05CE64}.Release|Any CPU.Build.0 = Release|Any CPU
		{4BB5B249-E4F1-490F-8F40-214BCC05CE64}.Release|x64.ActiveCfg = Release|x64
		{4BB5B249-E4F1-490F-8F40-214BCC05CE64}.Release|x64.Build.0 = Release|x64
		{4BB5B249-E4F1-490F-8F40-214BCC05CE64}.Release|x86.ActiveCfg = Release|x86
		{4BB5B249-E4F1-490F-8F40-214BCC05CE64}.Release|x86.Build.0 = Release|x86
		{99D75B6D-9BA0-48FF-9C2E-9EC8F0415901}.Debug|Any CPU.ActiveCfg = Debug|Any CPU
		{99D75B6D-9BA0-48FF-9C2E-9EC8F0415901}.Debug|Any CPU.Build.0 = Debug|Any CPU
		{99D75B6D-9BA0-48FF-9C2E-9EC8F0415901}.Debug|x64.ActiveCfg = Debug|Any CPU
		{99D75B6D-9BA0-48FF-9C2E-9EC8F0415901}.Debug|x64.Build.0 = Debug|Any CPU
		{99D75B6D-9BA0-48FF-9C2E-9EC8F0415901}.Debug|x86.ActiveCfg = Debug|x86
		{99D75B6D-9BA0-48FF-9C2E-9EC8F0415901}.Debug|x86.Build.0 = Debug|x86
		{99D75B6D-9BA0-48FF-9C2E-9EC8F0415901}.Release|Any CPU.ActiveCfg = Release|Any CPU
		{99D75B6D-9BA0-48FF-9C2E-9EC8F0415901}.Release|Any CPU.Build.0 = Release|Any CPU
		{99D75B6D-9BA0-48FF-9C2E-9EC8F0415901}.Release|x64.ActiveCfg = Release|Any CPU
		{99D75B6D-9BA0-48FF-9C2E-9EC8F0415901}.Release|x64.Build.0 = Release|Any CPU
		{99D75B6D-9BA0-48FF-9C2E-9EC8F0415901}.Release|x86.ActiveCfg = Release|Any CPU
		{99D75B6D-9BA0-48FF-9C2E-9EC8F0415901}.Release|x86.Build.0 = Release|Any CPU
		{CD2481FA-FE21-4604-BB32-422A7F378FA4}.Debug|Any CPU.ActiveCfg = Debug|Any CPU
		{CD2481FA-FE21-4604-BB32-422A7F378FA4}.Debug|Any CPU.Build.0 = Debug|Any CPU
		{CD2481FA-FE21-4604-BB32-422A7F378FA4}.Debug|x64.ActiveCfg = Debug|Any CPU
		{CD2481FA-FE21-4604-BB32-422A7F378FA4}.Debug|x64.Build.0 = Debug|Any CPU
		{CD2481FA-FE21-4604-BB32-422A7F378FA4}.Debug|x86.ActiveCfg = Debug|x86
		{CD2481FA-FE21-4604-BB32-422A7F378FA4}.Debug|x86.Build.0 = Debug|x86
		{CD2481FA-FE21-4604-BB32-422A7F378FA4}.Release|Any CPU.ActiveCfg = Release|Any CPU
		{CD2481FA-FE21-4604-BB32-422A7F378FA4}.Release|Any CPU.Build.0 = Release|Any CPU
		{CD2481FA-FE21-4604-BB32-422A7F378FA4}.Release|x64.ActiveCfg = Release|x64
		{CD2481FA-FE21-4604-BB32-422A7F378FA4}.Release|x64.Build.0 = Release|x64
		{CD2481FA-FE21-4604-BB32-422A7F378FA4}.Release|x86.ActiveCfg = Release|x86
		{CD2481FA-FE21-4604-BB32-422A7F378FA4}.Release|x86.Build.0 = Release|x86
		{7B01CCC0-8C10-4AA1-8154-4B55160E322B}.Debug|Any CPU.ActiveCfg = Debug|Any CPU
		{7B01CCC0-8C10-4AA1-8154-4B55160E322B}.Debug|Any CPU.Build.0 = Debug|Any CPU
		{7B01CCC0-8C10-4AA1-8154-4B55160E322B}.Debug|x64.ActiveCfg = Debug|Any CPU
		{7B01CCC0-8C10-4AA1-8154-4B55160E322B}.Debug|x64.Build.0 = Debug|Any CPU
		{7B01CCC0-8C10-4AA1-8154-4B55160E322B}.Debug|x86.ActiveCfg = Debug|x86
		{7B01CCC0-8C10-4AA1-8154-4B55160E322B}.Debug|x86.Build.0 = Debug|x86
		{7B01CCC0-8C10-4AA1-8154-4B55160E322B}.Release|Any CPU.ActiveCfg = Release|Any CPU
		{7B01CCC0-8C10-4AA1-8154-4B55160E322B}.Release|Any CPU.Build.0 = Release|Any CPU
		{7B01CCC0-8C10-4AA1-8154-4B55160E322B}.Release|x64.ActiveCfg = Release|Any CPU
		{7B01CCC0-8C10-4AA1-8154-4B55160E322B}.Release|x64.Build.0 = Release|Any CPU
		{7B01CCC0-8C10-4AA1-8154-4B55160E322B}.Release|x86.ActiveCfg = Release|Any CPU
		{7B01CCC0-8C10-4AA1-8154-4B55160E322B}.Release|x86.Build.0 = Release|Any CPU
		{030465FE-0687-4DE5-800C-55FAC9A8BFD2}.Debug|Any CPU.ActiveCfg = Debug|Any CPU
		{030465FE-0687-4DE5-800C-55FAC9A8BFD2}.Debug|Any CPU.Build.0 = Debug|Any CPU
		{030465FE-0687-4DE5-800C-55FAC9A8BFD2}.Debug|x64.ActiveCfg = Debug|x64
		{030465FE-0687-4DE5-800C-55FAC9A8BFD2}.Debug|x64.Build.0 = Debug|x64
		{030465FE-0687-4DE5-800C-55FAC9A8BFD2}.Debug|x86.ActiveCfg = Debug|x86
		{030465FE-0687-4DE5-800C-55FAC9A8BFD2}.Debug|x86.Build.0 = Debug|x86
		{030465FE-0687-4DE5-800C-55FAC9A8BFD2}.Release|Any CPU.ActiveCfg = Release|Any CPU
		{030465FE-0687-4DE5-800C-55FAC9A8BFD2}.Release|Any CPU.Build.0 = Release|Any CPU
		{030465FE-0687-4DE5-800C-55FAC9A8BFD2}.Release|x64.ActiveCfg = Release|x64
		{030465FE-0687-4DE5-800C-55FAC9A8BFD2}.Release|x64.Build.0 = Release|x64
		{030465FE-0687-4DE5-800C-55FAC9A8BFD2}.Release|x86.ActiveCfg = Release|x86
		{030465FE-0687-4DE5-800C-55FAC9A8BFD2}.Release|x86.Build.0 = Release|x86
		{70BC3875-D1D3-415F-B222-EFF07B38A519}.Debug|Any CPU.ActiveCfg = Debug|Any CPU
		{70BC3875-D1D3-415F-B222-EFF07B38A519}.Debug|Any CPU.Build.0 = Debug|Any CPU
		{70BC3875-D1D3-415F-B222-EFF07B38A519}.Debug|x64.ActiveCfg = Release|x64
		{70BC3875-D1D3-415F-B222-EFF07B38A519}.Debug|x64.Build.0 = Release|x64
		{70BC3875-D1D3-415F-B222-EFF07B38A519}.Debug|x86.ActiveCfg = Debug|Any CPU
		{70BC3875-D1D3-415F-B222-EFF07B38A519}.Debug|x86.Build.0 = Debug|Any CPU
		{70BC3875-D1D3-415F-B222-EFF07B38A519}.Release|Any CPU.ActiveCfg = Release|Any CPU
		{70BC3875-D1D3-415F-B222-EFF07B38A519}.Release|Any CPU.Build.0 = Release|Any CPU
		{70BC3875-D1D3-415F-B222-EFF07B38A519}.Release|x64.ActiveCfg = Release|Any CPU
		{70BC3875-D1D3-415F-B222-EFF07B38A519}.Release|x64.Build.0 = Release|Any CPU
		{70BC3875-D1D3-415F-B222-EFF07B38A519}.Release|x86.ActiveCfg = Release|Any CPU
		{70BC3875-D1D3-415F-B222-EFF07B38A519}.Release|x86.Build.0 = Release|Any CPU
	EndGlobalSection
	GlobalSection(SolutionProperties) = preSolution
		HideSolutionNode = FALSE
	EndGlobalSection
	GlobalSection(ExtensibilityGlobals) = postSolution
		SolutionGuid = {72E78ED6-5883-4B9C-972D-D029CDCE319A}
	EndGlobalSection
EndGlobal
